
Microsoft Visual Studio Solution File, Format Version 12.00
# Visual Studio Version 17
VisualStudioVersion = 17.5.33530.505
MinimumVisualStudioVersion = 10.0.40219.1
Project("{FAE04EC0-301F-11D3-BF4B-00C04F79EFBC}") = "Lab2", "Lab2\Lab2.csproj", "{918222BF-4752-4F52-A6AF-D83878CA7FAF}"
EndProject
Global
	GlobalSection(SolutionConfigurationPlatforms) = preSolution
		Debug|Any CPU = Debug|Any CPU
		Release|Any CPU = Release|Any CPU
	EndGlobalSection
	GlobalSection(ProjectConfigurationPlatforms) = postSolution
		{918222BF-4752-4F52-A6AF-D83878CA7FAF}.Debug|Any CPU.ActiveCfg = Debug|Any CPU
		{918222BF-4752-4F52-A6AF-D83878CA7FAF}.Debug|Any CPU.Build.0 = Debug|Any CPU
		{918222BF-4752-4F52-A6AF-D83878CA7FAF}.Release|Any CPU.ActiveCfg = Release|Any CPU
		{918222BF-4752-4F52-A6AF-D83878CA7FAF}.Release|Any CPU.Build.0 = Release|Any CPU
	EndGlobalSection
	GlobalSection(SolutionProperties) = preSolution
		HideSolutionNode = FALSE
	EndGlobalSection
	GlobalSection(ExtensibilityGlobals) = postSolution
		SolutionGuid = {2A777274-C586-4869-9B55-4EBC34E139E3}
	EndGlobalSection
EndGlobal
